
Microsoft Visual Studio Solution File, Format Version 12.00
# Visual Studio Version 16
VisualStudioVersion = 16.0.31321.278
MinimumVisualStudioVersion = 10.0.40219.1
Project("{9A19103F-16F7-4668-BE54-9A1E7A4F7556}") = "LuckyNumber7", "LuckyNumber7.csproj", "{96CA5A49-E7FC-48EA-99FE-ACD5F5DAC64E}"
EndProject
Global
	GlobalSection(SolutionConfigurationPlatforms) = preSolution
		Debug|Any CPU = Debug|Any CPU
		Release|Any CPU = Release|Any CPU
	EndGlobalSection
	GlobalSection(ProjectConfigurationPlatforms) = postSolution
		{96CA5A49-E7FC-48EA-99FE-ACD5F5DAC64E}.Debug|Any CPU.ActiveCfg = Debug|Any CPU
		{96CA5A49-E7FC-48EA-99FE-ACD5F5DAC64E}.Debug|Any CPU.Build.0 = Debug|Any CPU
		{96CA5A49-E7FC-48EA-99FE-ACD5F5DAC64E}.Release|Any CPU.ActiveCfg = Release|Any CPU
		{96CA5A49-E7FC-48EA-99FE-ACD5F5DAC64E}.Release|Any CPU.Build.0 = Release|Any CPU
	EndGlobalSection
	GlobalSection(SolutionProperties) = preSolution
		HideSolutionNode = FALSE
	EndGlobalSection
	GlobalSection(ExtensibilityGlobals) = postSolution
		SolutionGuid = {BC904C47-9867-41F6-A976-CE59240AC13D}
	EndGlobalSection
EndGlobal
